<?xml version="1.0" encoding="utf-8"?>
<Project ToolsVersion="4.0" xmlns="http://schemas.microsoft.com/developer/msbuild/2003">
  <ItemGroup>
    <ClCompile Include="..\oal\win\dllmain.cpp">
      <Filter>oal</Filter>
    </ClCompile>
    <ClCompile Include="..\oal\win\win.cpp">
      <Filter>oal</Filter>
    </ClCompile>
    <ClCompile Include="cmds.cpp">
      <Filter>Source Files</Filter>
    </ClCompile>
    <ClCompile Include="lz.cpp">
      <Filter>Source Files</Filter>
    </ClCompile>
    <ClCompile Include="sysinfo.cpp">
      <Filter>Source Files</Filter>
    </ClCompile>
    <ClCompile Include="cmd_agentsensor.cpp">
      <Filter>Source Files</Filter>
    </ClCompile>
    <ClCompile Include="cmd_config.cpp">
      <Filter>Source Files</Filter>
    </ClCompile>
    <ClCompile Include="cmd_diag.cpp">
      <Filter>Source Files</Filter>
    </ClCompile>
    <ClCompile Include="cmd_discovery.cpp">
      <Filter>Source Files</Filter>
    </ClCompile>
    <ClCompile Include="cmd_dump.cpp">
      <Filter>Source Files</Filter>
    </ClCompile>
    <ClCompile Include="cmd_group.cpp">
      <Filter>Source Files</Filter>
    </ClCompile>
    <ClCompile Include="cmd_health.cpp">
      <Filter>Source Files</Filter>
    </ClCompile>
    <ClCompile Include="cmd_log.cpp">
      <Filter>Source Files</Filter>
    </ClCompile>
    <ClCompile Include="cmd_policy.cpp">
      <Filter>Source Files</Filter>
    </ClCompile>
    <ClCompile Include="cmd_ps.cpp">
      <Filter>Source Files</Filter>
    </ClCompile>
    <ClCompile Include="cmd_sensor.cpp">
      <Filter>Source Files</Filter>
    </ClCompile>
    <ClCompile Include="cmd_stats.cpp">
      <Filter>Source Files</Filter>
    </ClCompile>
    <ClCompile Include="cmd_topdown.cpp">
      <Filter>Source Files</Filter>
    </ClCompile>
    <ClCompile Include="cmd_topology.cpp">
      <Filter>Source Files</Filter>
    </ClCompile>
    <ClCompile Include="cmd_updatefw.cpp">
      <Filter>Source Files</Filter>
    </ClCompile>
    <ClCompile Include="cmd_vgpu.cpp">
      <Filter>Source Files</Filter>
    </ClCompile>
  </ItemGroup>
  <ItemGroup>
    <ClInclude Include="..\oal\win\os.h">
      <Filter>oal</Filter>
    </ClInclude>
    <ClInclude Include="cmds.h">
      <Filter>Header Files</Filter>
    </ClInclude>
    <ClInclude Include="debug.h">
      <Filter>Header Files</Filter>
    </ClInclude>
    <ClInclude Include="help_cmd.h">
      <Filter>Header Files</Filter>
    </ClInclude>
    <ClInclude Include="lz.h">
      <Filter>Header Files</Filter>
    </ClInclude>
    <ClInclude Include="sysinfo.h">
      <Filter>Header Files</Filter>
    </ClInclude>
    <ClInclude Include="cmd_agentsensor.h">
      <Filter>Header Files</Filter>
    </ClInclude>
    <ClInclude Include="cmd_config.h">
      <Filter>Header Files</Filter>
    </ClInclude>
    <ClInclude Include="cmd_diag.h">
      <Filter>Header Files</Filter>
    </ClInclude>
    <ClInclude Include="cmd_discovery.h">
      <Filter>Header Files</Filter>
    </ClInclude>
    <ClInclude Include="cmd_dump.h">
      <Filter>Header Files</Filter>
    </ClInclude>
    <ClInclude Include="cmd_group.h">
      <Filter>Header Files</Filter>
    </ClInclude>
    <ClInclude Include="cmd_health.h">
      <Filter>Header Files</Filter>
    </ClInclude>
    <ClInclude Include="cmd_log.h">
      <Filter>Header Files</Filter>
    </ClInclude>
    <ClInclude Include="cmd_policy.h">
      <Filter>Header Files</Filter>
    </ClInclude>
    <ClInclude Include="cmd_ps.h">
      <Filter>Header Files</Filter>
    </ClInclude>
    <ClInclude Include="cmd_sensor.h">
      <Filter>Header Files</Filter>
    </ClInclude>
    <ClInclude Include="cmd_stats.h">
      <Filter>Header Files</Filter>
    </ClInclude>
    <ClInclude Include="cmd_topdown.h">
      <Filter>Header Files</Filter>
    </ClInclude>
    <ClInclude Include="cmd_topology.h">
      <Filter>Header Files</Filter>
    </ClInclude>
    <ClInclude Include="cmd_updatefw.h">
      <Filter>Header Files</Filter>
    </ClInclude>
    <ClInclude Include="cmd_vgpu.h">
      <Filter>Header Files</Filter>
    </ClInclude>
  </ItemGroup>
  <ItemGroup>
    <Filter Include="oal">
      <UniqueIdentifier>{5c8b4190-3bbf-405c-82e3-04cb4eb23b0d}</UniqueIdentifier>
    </Filter>
    <Filter Include="Source Files">
      <UniqueIdentifier>{6ce8838c-eecb-4d6a-aaa9-09efcf006606}</UniqueIdentifier>
    </Filter>
    <Filter Include="Header Files">
      <UniqueIdentifier>{10b4bbd0-c60c-4f1a-bc1b-6b06302daf4c}</UniqueIdentifier>
    </Filter>
  </ItemGroup>
</Project>