<?xml version="1.0" encoding="utf-8"?>
<Project ToolsVersion="4.0" xmlns="http://schemas.microsoft.com/developer/msbuild/2003">
  <ItemGroup>
    <ClCompile Include="..\oal\win\dllmain.cpp">
      <Filter>oal</Filter>
    </ClCompile>
    <ClCompile Include="..\oal\win\win.cpp">
      <Filter>oal</Filter>
    </ClCompile>
    <ClCompile Include="lz.cpp">
      <Filter>Source Files</Filter>
    </ClCompile>
    <ClCompile Include="sysinfo.cpp">
      <Filter>Source Files</Filter>
    </ClCompile>
  </ItemGroup>
  <ItemGroup>
    <ClInclude Include="..\oal\win\os.h">
      <Filter>oal</Filter>
    </ClInclude>
    <ClInclude Include="debug.h">
      <Filter>Header Files</Filter>
    </ClInclude>
    <ClInclude Include="lz.h">
      <Filter>Header Files</Filter>
    </ClInclude>
    <ClInclude Include="sysinfo.h">
      <Filter>Header Files</Filter>
    </ClInclude>
  </ItemGroup>
  <ItemGroup>
    <Filter Include="oal">
      <UniqueIdentifier>{5c8b4190-3bbf-405c-82e3-04cb4eb23b0d}</UniqueIdentifier>
    </Filter>
    <Filter Include="Source Files">
      <UniqueIdentifier>{6ce8838c-eecb-4d6a-aaa9-09efcf006606}</UniqueIdentifier>
    </Filter>
    <Filter Include="Header Files">
      <UniqueIdentifier>{10b4bbd0-c60c-4f1a-bc1b-6b06302daf4c}</UniqueIdentifier>
    </Filter>
  </ItemGroup>
</Project>