<?xml version="1.0" encoding="utf-8"?>
<Project ToolsVersion="4.0" xmlns="http://schemas.microsoft.com/developer/msbuild/2003">
  <ItemGroup>
    <ClCompile Include="..\oal\win\dllmain.cpp">
      <Filter>oal</Filter>
    </ClCompile>
    <ClCompile Include="..\oal\win\win.cpp">
      <Filter>oal</Filter>
    </ClCompile>
    <ClCompile Include="cmds.cpp">
      <Filter>Source Files</Filter>
    </ClCompile>
    <ClCompile Include="config.cpp">
      <Filter>Source Files</Filter>
    </ClCompile>
    <ClCompile Include="discovery.cpp">
      <Filter>Source Files</Filter>
    </ClCompile>
    <ClCompile Include="diag.cpp">
      <Filter>Source Files</Filter>
    </ClCompile>
    <ClCompile Include="dump.cpp">
      <Filter>Source Files</Filter>
    </ClCompile>
    <ClCompile Include="health.cpp">
      <Filter>Source Files</Filter>
    </ClCompile>
    <ClCompile Include="log.cpp">
      <Filter>Source Files</Filter>
    </ClCompile>
    <ClCompile Include="lz.cpp">
      <Filter>Source Files</Filter>
    </ClCompile>
    <ClCompile Include="ps.cpp">
      <Filter>Source Files</Filter>
    </ClCompile>
    <ClCompile Include="stats.cpp">
      <Filter>Source Files</Filter>
    </ClCompile>
    <ClCompile Include="sysinfo.cpp">
      <Filter>Source Files</Filter>
    </ClCompile>
    <ClCompile Include="topology.cpp">
      <Filter>Source Files</Filter>
    </ClCompile>
    <ClCompile Include="updatefw.cpp">
      <Filter>Source Files</Filter>
    </ClCompile>
    <ClCompile Include="vgpu.cpp">
      <Filter>Source Files</Filter>
    </ClCompile>
  </ItemGroup>
  <ItemGroup>
    <ClInclude Include="..\oal\win\os.h">
      <Filter>oal</Filter>
    </ClInclude>
    <ClInclude Include="cmds.h">
      <Filter>Header Files</Filter>
    </ClInclude>
    <ClInclude Include="config.h">
      <Filter>Header Files</Filter>
    </ClInclude>
    <ClInclude Include="debug.h">
      <Filter>Header Files</Filter>
    </ClInclude>
    <ClInclude Include="diag.h">
      <Filter>Header Files</Filter>
    </ClInclude>
    <ClInclude Include="discovery.h">
      <Filter>Header Files</Filter>
    </ClInclude>
    <ClInclude Include="dump.h">
      <Filter>Header Files</Filter>
    </ClInclude>
    <ClInclude Include="health.h">
      <Filter>Header Files</Filter>
    </ClInclude>
    <ClInclude Include="help_cmd.h">
      <Filter>Header Files</Filter>
    </ClInclude>
    <ClInclude Include="log.h">
      <Filter>Header Files</Filter>
    </ClInclude>
    <ClInclude Include="lz.h">
      <Filter>Header Files</Filter>
    </ClInclude>
    <ClInclude Include="ps.h">
      <Filter>Header Files</Filter>
    </ClInclude>
    <ClInclude Include="stats.h">
      <Filter>Header Files</Filter>
    </ClInclude>
    <ClInclude Include="sysinfo.h">
      <Filter>Header Files</Filter>
    </ClInclude>
    <ClInclude Include="topology.h">
      <Filter>Header Files</Filter>
    </ClInclude>
    <ClInclude Include="updatefw.h">
      <Filter>Header Files</Filter>
    </ClInclude>
    <ClInclude Include="vgpu.h">
      <Filter>Header Files</Filter>
    </ClInclude>
  </ItemGroup>
  <ItemGroup>
    <Filter Include="oal">
      <UniqueIdentifier>{5c8b4190-3bbf-405c-82e3-04cb4eb23b0d}</UniqueIdentifier>
    </Filter>
    <Filter Include="Source Files">
      <UniqueIdentifier>{6ce8838c-eecb-4d6a-aaa9-09efcf006606}</UniqueIdentifier>
    </Filter>
    <Filter Include="Header Files">
      <UniqueIdentifier>{10b4bbd0-c60c-4f1a-bc1b-6b06302daf4c}</UniqueIdentifier>
    </Filter>
  </ItemGroup>
</Project>