<?xml version="1.0" encoding="utf-8"?>
<Project ToolsVersion="4.0" xmlns="http://schemas.microsoft.com/developer/msbuild/2003">
  <ItemGroup>
    <Filter Include="Source Files">
      <UniqueIdentifier>{4FC737F1-C7A5-4376-A066-2A32D752A2FF}</UniqueIdentifier>
      <Extensions>cpp;c;cc;cxx;c++;cppm;ixx;def;odl;idl;hpj;bat;asm;asmx</Extensions>
    </Filter>
    <Filter Include="Header Files">
      <UniqueIdentifier>{93995380-89BD-4b04-88EB-625FBE52EBFB}</UniqueIdentifier>
      <Extensions>h;hh;hpp;hxx;h++;hm;inl;inc;ipp;xsd</Extensions>
    </Filter>
    <Filter Include="Resource Files">
      <UniqueIdentifier>{67DA6AB6-F800-4c08-8B7A-83BB121AAD01}</UniqueIdentifier>
      <Extensions>rc;ico;cur;bmp;dlg;rc2;rct;bin;rgs;gif;jpg;jpeg;jpe;resx;tiff;tif;png;wav;mfcribbon-ms</Extensions>
    </Filter>
  </ItemGroup>
  <ItemGroup>
    <ClCompile Include="xpumcli.cpp">
      <Filter>Source Files</Filter>
    </ClCompile>
    <ClCompile Include="cli_wrapper.cpp">
      <Filter>Source Files</Filter>
    </ClCompile>
    <ClCompile Include="cli_table.cpp">
      <Filter>Source Files</Filter>
    </ClCompile>
    <ClCompile Include="comlet_version.cpp">
      <Filter>Source Files</Filter>
    </ClCompile>
    <ClCompile Include="core_stub.cpp">
      <Filter>Source Files</Filter>
    </ClCompile>
    <ClCompile Include="help_formatter.cpp">
      <Filter>Source Files</Filter>
    </ClCompile>
    <ClCompile Include="pretty_table.cpp">
      <Filter>Source Files</Filter>
    </ClCompile>
    <ClCompile Include="comlet_discovery.cpp">
      <Filter>Source Files</Filter>
    </ClCompile>
    <ClCompile Include="cli_resource.cpp">
      <Filter>Source Files</Filter>
    </ClCompile>
    <ClCompile Include="comlet_config.cpp">
      <Filter>Source Files</Filter>
    </ClCompile>
    <ClCompile Include="comlet_statistics.cpp">
      <Filter>Source Files</Filter>
    </ClCompile>
    <ClCompile Include="comlet_dump.cpp">
      <Filter>Source Files</Filter>
    </ClCompile>
    <ClCompile Include="igsc_manager.cpp">
      <Filter>Source Files</Filter>
    </ClCompile>
    <ClCompile Include="comlet_firmware.cpp">
      <Filter>Source Files</Filter>
    </ClCompile>
    <ClCompile Include="win_native.cpp">
      <Filter>Source Files</Filter>
    </ClCompile>
  </ItemGroup>
  <ItemGroup>
    <ClInclude Include="ze_log.h">
      <Filter>Source Files</Filter>
    </ClInclude>
    <ClInclude Include="cli_wrapper.h">
      <Filter>Source Files</Filter>
    </ClInclude>
    <ClInclude Include="comlet_base.h">
      <Filter>Source Files</Filter>
    </ClInclude>
    <ClInclude Include="cli_table.h">
      <Filter>Source Files</Filter>
    </ClInclude>
    <ClInclude Include="comlet_version.h">
      <Filter>Source Files</Filter>
    </ClInclude>
    <ClInclude Include="core_stub.h">
      <Filter>Source Files</Filter>
    </ClInclude>
    <ClInclude Include="help_formatter.h">
      <Filter>Source Files</Filter>
    </ClInclude>
    <ClInclude Include="pretty_table.h">
      <Filter>Source Files</Filter>
    </ClInclude>
    <ClInclude Include="comlet_discovery.h">
      <Filter>Source Files</Filter>
    </ClInclude>
    <ClInclude Include="cli_resource.h">
      <Filter>Source Files</Filter>
    </ClInclude>
    <ClInclude Include="comlet_config.h">
      <Filter>Source Files</Filter>
    </ClInclude>
    <ClInclude Include="comlet_statistics.h">
      <Filter>Source Files</Filter>
    </ClInclude>
    <ClInclude Include="comlet_dump.h">
      <Filter>Source Files</Filter>
    </ClInclude>
    <ClInclude Include="xpum_structs.h">
      <Filter>Source Files</Filter>
    </ClInclude>
    <ClInclude Include="resource.h">
      <Filter>Header Files</Filter>
    </ClInclude>
    <ClInclude Include="igsc_manager.h">
      <Filter>Source Files</Filter>
    </ClInclude>
    <ClInclude Include="comlet_firmware.h">
      <Filter>Source Files</Filter>
    </ClInclude>
    <ClInclude Include="win_native.h">
      <Filter>Source Files</Filter>
    </ClInclude>
  </ItemGroup>
  <ItemGroup>
    <ResourceCompile Include="winxpum.rc">
      <Filter>Resource Files</Filter>
    </ResourceCompile>
  </ItemGroup>
</Project>