<?xml version="1.0" encoding="utf-8"?>
<Project ToolsVersion="4.0" xmlns="http://schemas.microsoft.com/developer/msbuild/2003">
  <ItemGroup>
    <Filter Include="Source Files">
      <UniqueIdentifier>{de97dca2-f444-43cc-8fd5-ffdd6c88a23c}</UniqueIdentifier>
    </Filter>
    <Filter Include="Header Files">
      <UniqueIdentifier>{33954a0a-eaa7-466e-82bf-885b25914163}</UniqueIdentifier>
    </Filter>
  </ItemGroup>
  <ItemGroup>
    <ClCompile Include="cli.cpp">
      <Filter>Source Files</Filter>
    </ClCompile>
    <ClCompile Include="..\cmn\cmd_agentsensor.cpp">
      <Filter>Source Files</Filter>
    </ClCompile>
    <ClCompile Include="..\cmn\cmd_config.cpp">
      <Filter>Source Files</Filter>
    </ClCompile>
    <ClCompile Include="..\cmn\cmd_diag.cpp">
      <Filter>Source Files</Filter>
    </ClCompile>
    <ClCompile Include="..\cmn\cmd_discovery.cpp">
      <Filter>Source Files</Filter>
    </ClCompile>
    <ClCompile Include="..\cmn\cmd_dump.cpp">
      <Filter>Source Files</Filter>
    </ClCompile>
    <ClCompile Include="..\cmn\cmd_group.cpp">
      <Filter>Source Files</Filter>
    </ClCompile>
    <ClCompile Include="..\cmn\cmd_health.cpp">
      <Filter>Source Files</Filter>
    </ClCompile>
    <ClCompile Include="..\cmn\cmd_log.cpp">
      <Filter>Source Files</Filter>
    </ClCompile>
    <ClCompile Include="..\cmn\cmd_policy.cpp">
      <Filter>Source Files</Filter>
    </ClCompile>
    <ClCompile Include="..\cmn\cmd_ps.cpp">
      <Filter>Source Files</Filter>
    </ClCompile>
    <ClCompile Include="..\cmn\cmd_sensor.cpp">
      <Filter>Source Files</Filter>
    </ClCompile>
    <ClCompile Include="..\cmn\cmd_stats.cpp">
      <Filter>Source Files</Filter>
    </ClCompile>
    <ClCompile Include="..\cmn\cmd_topdown.cpp">
      <Filter>Source Files</Filter>
    </ClCompile>
    <ClCompile Include="..\cmn\cmd_topology.cpp">
      <Filter>Source Files</Filter>
    </ClCompile>
    <ClCompile Include="..\cmn\cmd_updatefw.cpp">
      <Filter>Source Files</Filter>
    </ClCompile>
    <ClCompile Include="..\cmn\cmd_vgpu.cpp">
      <Filter>Source Files</Filter>
    </ClCompile>
    <ClCompile Include="..\cmn\cmds.cpp">
      <Filter>Source Files</Filter>
    </ClCompile>
  </ItemGroup>
  <ItemGroup>
    <ClInclude Include="version.h">
      <Filter>Header Files</Filter>
    </ClInclude>
    <ClInclude Include="..\cmn\cmd_agentsensor.h">
      <Filter>Header Files</Filter>
    </ClInclude>
    <ClInclude Include="..\cmn\cmd_config.h">
      <Filter>Header Files</Filter>
    </ClInclude>
    <ClInclude Include="..\cmn\cmd_diag.h">
      <Filter>Header Files</Filter>
    </ClInclude>
    <ClInclude Include="..\cmn\cmd_discovery.h">
      <Filter>Header Files</Filter>
    </ClInclude>
    <ClInclude Include="..\cmn\cmd_dump.h">
      <Filter>Header Files</Filter>
    </ClInclude>
    <ClInclude Include="..\cmn\cmd_group.h">
      <Filter>Header Files</Filter>
    </ClInclude>
    <ClInclude Include="..\cmn\cmd_health.h">
      <Filter>Header Files</Filter>
    </ClInclude>
    <ClInclude Include="..\cmn\cmd_log.h">
      <Filter>Header Files</Filter>
    </ClInclude>
    <ClInclude Include="..\cmn\cmd_policy.h">
      <Filter>Header Files</Filter>
    </ClInclude>
    <ClInclude Include="..\cmn\cmd_ps.h">
      <Filter>Header Files</Filter>
    </ClInclude>
    <ClInclude Include="..\cmn\cmd_sensor.h">
      <Filter>Header Files</Filter>
    </ClInclude>
    <ClInclude Include="..\cmn\cmd_stats.h">
      <Filter>Header Files</Filter>
    </ClInclude>
    <ClInclude Include="..\cmn\cmd_topdown.h">
      <Filter>Header Files</Filter>
    </ClInclude>
    <ClInclude Include="..\cmn\cmd_topology.h">
      <Filter>Header Files</Filter>
    </ClInclude>
    <ClInclude Include="..\cmn\cmd_updatefw.h">
      <Filter>Header Files</Filter>
    </ClInclude>
    <ClInclude Include="..\cmn\cmd_vgpu.h">
      <Filter>Header Files</Filter>
    </ClInclude>
    <ClInclude Include="..\cmn\cmds.h">
      <Filter>Header Files</Filter>
    </ClInclude>
    <ClInclude Include="..\cmn\help_cmd.h">
      <Filter>Header Files</Filter>
    </ClInclude>
  </ItemGroup>
</Project>