<?xml version="1.0" encoding="utf-8"?>
<Project ToolsVersion="4.0" xmlns="http://schemas.microsoft.com/developer/msbuild/2003">
  <ItemGroup>
    <Filter Include="Source Files">
      <UniqueIdentifier>{4FC737F1-C7A5-4376-A066-2A32D752A2FF}</UniqueIdentifier>
      <Extensions>cpp;c;cc;cxx;c++;cppm;ixx;def;odl;idl;hpj;bat;asm;asmx</Extensions>
    </Filter>
    <Filter Include="Header Files">
      <UniqueIdentifier>{93995380-89BD-4b04-88EB-625FBE52EBFB}</UniqueIdentifier>
      <Extensions>h;hh;hpp;hxx;h++;hm;inl;inc;ipp;xsd</Extensions>
    </Filter>
    <Filter Include="Resource Files">
      <UniqueIdentifier>{67DA6AB6-F800-4c08-8B7A-83BB121AAD01}</UniqueIdentifier>
      <Extensions>rc;ico;cur;bmp;dlg;rc2;rct;bin;rgs;gif;jpg;jpeg;jpe;resx;tiff;tif;png;wav;mfcribbon-ms</Extensions>
    </Filter>
  </ItemGroup>
  <ItemGroup>
    <ClInclude Include="src\framework.h">
      <Filter>Header Files</Filter>
    </ClInclude>
    <ClInclude Include="src\pch.h">
      <Filter>Header Files</Filter>
    </ClInclude>
    <ClInclude Include="src\infrastructure\logger.h">
      <Filter>Header Files</Filter>
    </ClInclude>
    <ClInclude Include="src\infrastructure\init_close_interface.h">
      <Filter>Header Files</Filter>
    </ClInclude>
    <ClInclude Include="src\core\core.h">
      <Filter>Header Files</Filter>
    </ClInclude>
    <ClInclude Include="src\infrastructure\device_capability.h">
      <Filter>Header Files</Filter>
    </ClInclude>
    <ClInclude Include="src\infrastructure\measurement_type.h">
      <Filter>Header Files</Filter>
    </ClInclude>
    <ClInclude Include="src\control\device_manager_interface.h">
      <Filter>Header Files</Filter>
    </ClInclude>
    <ClInclude Include="src\infrastructure\exception\base_exception.h">
      <Filter>Header Files</Filter>
    </ClInclude>
    <ClInclude Include="src\infrastructure\error_code.h">
      <Filter>Header Files</Filter>
    </ClInclude>
    <ClInclude Include="src\firmware\firmware_manager.h">
      <Filter>Header Files</Filter>
    </ClInclude>
    <ClInclude Include="src\control\device_manager.h">
      <Filter>Header Files</Filter>
    </ClInclude>
    <ClInclude Include="src\infrastructure\configuration.h">
      <Filter>Header Files</Filter>
    </ClInclude>
    <ClInclude Include="src\api\device_model.h">
      <Filter>Header Files</Filter>
    </ClInclude>
    <ClInclude Include="src\device\device.h">
      <Filter>Header Files</Filter>
    </ClInclude>
    <ClInclude Include="src\infrastructure\exception\level_zero_initialization_exception.h">
      <Filter>Header Files</Filter>
    </ClInclude>
    <ClInclude Include="src\infrastructure\version.h">
      <Filter>Header Files</Filter>
    </ClInclude>
    <ClInclude Include="src\api\api_types.h">
      <Filter>Header Files</Filter>
    </ClInclude>
    <ClInclude Include="src\infrastructure\device_property.h">
      <Filter>Header Files</Filter>
    </ClInclude>
    <ClInclude Include="src\infrastructure\property.h">
      <Filter>Header Files</Filter>
    </ClInclude>
    <ClInclude Include="src\infrastructure\utility.h">
      <Filter>Header Files</Filter>
    </ClInclude>
    <ClInclude Include="src\device\gpu\gpu_device.h">
      <Filter>Header Files</Filter>
    </ClInclude>
    <ClInclude Include="src\device\gpu\gpu_device_stub.h">
      <Filter>Header Files</Filter>
    </ClInclude>
    <ClInclude Include="src\infrastructure\handle_lock.h">
      <Filter>Header Files</Filter>
    </ClInclude>
    <ClInclude Include="include\internal_api.h">
      <Filter>Header Files</Filter>
    </ClInclude>
    <ClInclude Include="src\infrastructure\measurement_data.h">
      <Filter>Header Files</Filter>
    </ClInclude>
    <ClInclude Include="src\device\win_native.h">
      <Filter>Header Files</Filter>
    </ClInclude>
    <ClInclude Include="src\firmware\amc\amc_manager.h">
      <Filter>Header Files</Filter>
    </ClInclude>
    <ClInclude Include="src\firmware\amc\ipmi_amc_manager.h">
      <Filter>Header Files</Filter>
    </ClInclude>
    <ClInclude Include="src\firmware\ipmi\bsmc_interface.h">
      <Filter>Header Files</Filter>
    </ClInclude>
    <ClInclude Include="src\firmware\ipmi\bsmc_ipmi_oem_cmd.h">
      <Filter>Header Files</Filter>
    </ClInclude>
    <ClInclude Include="src\firmware\ipmi\bsmc_ipmi_storage_cmd.h">
      <Filter>Header Files</Filter>
    </ClInclude>
    <ClInclude Include="src\firmware\ipmi\build_config.h">
      <Filter>Header Files</Filter>
    </ClInclude>
    <ClInclude Include="src\firmware\ipmi\compiler_specific.h">
      <Filter>Header Files</Filter>
    </ClInclude>
    <ClInclude Include="src\firmware\ipmi\file_util.h">
      <Filter>Header Files</Filter>
    </ClInclude>
    <ClInclude Include="src\firmware\ipmi\fru.h">
      <Filter>Header Files</Filter>
    </ClInclude>
    <ClInclude Include="src\firmware\ipmi\ipmi.h">
      <Filter>Header Files</Filter>
    </ClInclude>
    <ClInclude Include="src\firmware\ipmi\ipmi_interface.h">
      <Filter>Header Files</Filter>
    </ClInclude>
    <ClInclude Include="src\firmware\ipmi\openipmi.h">
      <Filter>Header Files</Filter>
    </ClInclude>
    <ClInclude Include="src\firmware\ipmi\pci.h">
      <Filter>Header Files</Filter>
    </ClInclude>
    <ClInclude Include="src\firmware\ipmi\pci_address.h">
      <Filter>Header Files</Filter>
    </ClInclude>
    <ClInclude Include="src\firmware\ipmi\tool.h">
      <Filter>Header Files</Filter>
    </ClInclude>
    <ClInclude Include="src\firmware\ipmi\winipmi.h">
      <Filter>Header Files</Filter>
    </ClInclude>
    <ClInclude Include="src\firmware\ipmi\winopenssl.h">
      <Filter>Header Files</Filter>
    </ClInclude>
    <ClInclude Include="src\firmware\ipmi\wintypes.h">
      <Filter>Header Files</Filter>
    </ClInclude>
    <ClInclude Include="resource.h">
      <Filter>Header Files</Filter>
    </ClInclude>
    <ClInclude Include="src\device\performancefactor.h">
      <Filter>Header Files</Filter>
    </ClInclude>
    <ClInclude Include="src\device\memoryEcc.h">
      <Filter>Header Files</Filter>
    </ClInclude>
    <ClInclude Include="src\device\pcie_manager.h">
      <Filter>Header Files</Filter>
    </ClInclude>
  </ItemGroup>
  <ItemGroup>
    <ClCompile Include="src\dllmain.cpp">
      <Filter>Source Files</Filter>
    </ClCompile>
    <ClCompile Include="src\pch.cpp">
      <Filter>Source Files</Filter>
    </ClCompile>
    <ClCompile Include="src\api\xpum_api.cpp">
      <Filter>Source Files</Filter>
    </ClCompile>
    <ClCompile Include="src\core\core.cpp">
      <Filter>Source Files</Filter>
    </ClCompile>
    <ClCompile Include="src\firmware\firmware_manager.cpp">
      <Filter>Source Files</Filter>
    </ClCompile>
    <ClCompile Include="src\control\device_manager.cpp">
      <Filter>Source Files</Filter>
    </ClCompile>
    <ClCompile Include="src\infrastructure\configuration.cpp">
      <Filter>Source Files</Filter>
    </ClCompile>
    <ClCompile Include="src\api\device_model.cpp">
      <Filter>Source Files</Filter>
    </ClCompile>
    <ClCompile Include="src\device\device.cpp">
      <Filter>Source Files</Filter>
    </ClCompile>
    <ClCompile Include="src\infrastructure\version.cpp">
      <Filter>Source Files</Filter>
    </ClCompile>
    <ClCompile Include="src\infrastructure\device_property.cpp">
      <Filter>Source Files</Filter>
    </ClCompile>
    <ClCompile Include="src\infrastructure\utility.cpp">
      <Filter>Source Files</Filter>
    </ClCompile>
    <ClCompile Include="src\device\gpu\gpu_device.cpp">
      <Filter>Source Files</Filter>
    </ClCompile>
    <ClCompile Include="src\device\gpu\gpu_device_stub.cpp">
      <Filter>Source Files</Filter>
    </ClCompile>
    <ClCompile Include="src\infrastructure\handle_lock.cpp">
      <Filter>Source Files</Filter>
    </ClCompile>
    <ClCompile Include="src\infrastructure\measurement_data.cpp">
      <Filter>Source Files</Filter>
    </ClCompile>
    <ClCompile Include="src\device\win_native.cpp">
      <Filter>Source Files</Filter>
    </ClCompile>
    <ClCompile Include="src\firmware\amc\ipmi_amc_manager.cpp">
      <Filter>Source Files</Filter>
    </ClCompile>
    <ClCompile Include="src\firmware\ipmi\bsmc_interface.cpp">
      <Filter>Source Files</Filter>
    </ClCompile>
    <ClCompile Include="src\firmware\ipmi\file_utils.cpp">
      <Filter>Source Files</Filter>
    </ClCompile>
    <ClCompile Include="src\firmware\ipmi\firmware.cpp">
      <Filter>Source Files</Filter>
    </ClCompile>
    <ClCompile Include="src\firmware\ipmi\fru.cpp">
      <Filter>Source Files</Filter>
    </ClCompile>
    <ClCompile Include="src\firmware\ipmi\ipmi.cpp">
      <Filter>Source Files</Filter>
    </ClCompile>
    <ClCompile Include="src\firmware\ipmi\ipmi_interface.cpp">
      <Filter>Source Files</Filter>
    </ClCompile>
    <ClCompile Include="src\firmware\ipmi\pci.cpp">
      <Filter>Source Files</Filter>
    </ClCompile>
    <ClCompile Include="src\firmware\ipmi\winipmi.c">
      <Filter>Source Files</Filter>
    </ClCompile>
    <ClCompile Include="src\api\unsupported.cpp">
      <Filter>Source Files</Filter>
    </ClCompile>
    <ClCompile Include="src\device\performancefactor.cpp">
      <Filter>Source Files</Filter>
    </ClCompile>
    <ClCompile Include="src\device\memoryEcc.cpp">
      <Filter>Source Files</Filter>
    </ClCompile>
    <ClCompile Include="src\device\pcie_manager.cpp">
      <Filter>Source Files</Filter>
    </ClCompile>
  </ItemGroup>
  <ItemGroup>
    <ResourceCompile Include="Resource.rc">
      <Filter>Resource Files</Filter>
    </ResourceCompile>
  </ItemGroup>
</Project>