<?xml version="1.0" encoding="utf-8"?>
<Project ToolsVersion="4.0" xmlns="http://schemas.microsoft.com/developer/msbuild/2003">
  <ItemGroup>
    <ClCompile Include="device.cpp">
      <Filter>Source Files</Filter>
    </ClCompile>
    <ClCompile Include="diagnostic.cpp">
      <Filter>Source Files</Filter>
    </ClCompile>
    <ClCompile Include="driver.cpp">
      <Filter>Source Files</Filter>
    </ClCompile>
    <ClCompile Include="ecc.cpp">
      <Filter>Source Files</Filter>
    </ClCompile>
    <ClCompile Include="enginegroup.cpp">
      <Filter>Source Files</Filter>
    </ClCompile>
    <ClCompile Include="fabric.cpp">
      <Filter>Source Files</Filter>
    </ClCompile>
    <ClCompile Include="fan.cpp">
      <Filter>Source Files</Filter>
    </ClCompile>
    <ClCompile Include="firmware.cpp">
      <Filter>Source Files</Filter>
    </ClCompile>
    <ClCompile Include="frequency.cpp">
      <Filter>Source Files</Filter>
    </ClCompile>
    <ClCompile Include="memory.cpp">
      <Filter>Source Files</Filter>
    </ClCompile>
    <ClCompile Include="metric.cpp">
      <Filter>Source Files</Filter>
    </ClCompile>
    <ClCompile Include="pci.cpp">
      <Filter>Source Files</Filter>
    </ClCompile>
    <ClCompile Include="performance.cpp">
      <Filter>Source Files</Filter>
    </ClCompile>
    <ClCompile Include="power.cpp">
      <Filter>Source Files</Filter>
    </ClCompile>
    <ClCompile Include="process.cpp">
      <Filter>Source Files</Filter>
    </ClCompile>
    <ClCompile Include="ras.cpp">
      <Filter>Source Files</Filter>
    </ClCompile>
    <ClCompile Include="scheduler.cpp">
      <Filter>Source Files</Filter>
    </ClCompile>
    <ClCompile Include="standby.cpp">
      <Filter>Source Files</Filter>
    </ClCompile>
    <ClCompile Include="sysman.cpp">
      <Filter>Source Files</Filter>
    </ClCompile>
    <ClCompile Include="temperature.cpp">
      <Filter>Source Files</Filter>
    </ClCompile>
    <ClCompile Include="vf.cpp">
      <Filter>Source Files</Filter>
    </ClCompile>
    <ClCompile Include="..\..\oal\win\dllmain.cpp">
      <Filter>oal</Filter>
    </ClCompile>
    <ClCompile Include="..\..\oal\win\win.cpp">
      <Filter>oal</Filter>
    </ClCompile>
    <ClCompile Include="..\fwupd\gscupd.cpp">
      <Filter>fwupd</Filter>
    </ClCompile>
    <ClCompile Include="..\fwupd\amcupd.cpp">
      <Filter>fwupd</Filter>
    </ClCompile>
    <ClCompile Include="..\fwupd\sysmanupd.cpp">
      <Filter>fwupd</Filter>
    </ClCompile>
  </ItemGroup>
  <ItemGroup>
    <ClInclude Include="debug.h">
      <Filter>Header Files</Filter>
    </ClInclude>
    <ClInclude Include="device.h">
      <Filter>Header Files</Filter>
    </ClInclude>
    <ClInclude Include="diagnostic.h">
      <Filter>Header Files</Filter>
    </ClInclude>
    <ClInclude Include="driver.h">
      <Filter>Header Files</Filter>
    </ClInclude>
    <ClInclude Include="ecc.h">
      <Filter>Header Files</Filter>
    </ClInclude>
    <ClInclude Include="enginegroup.h">
      <Filter>Header Files</Filter>
    </ClInclude>
    <ClInclude Include="fabric.h">
      <Filter>Header Files</Filter>
    </ClInclude>
    <ClInclude Include="fan.h">
      <Filter>Header Files</Filter>
    </ClInclude>
    <ClInclude Include="firmware.h">
      <Filter>Header Files</Filter>
    </ClInclude>
    <ClInclude Include="frequency.h">
      <Filter>Header Files</Filter>
    </ClInclude>
    <ClInclude Include="jsonwrapper.h">
      <Filter>Header Files</Filter>
    </ClInclude>
    <ClInclude Include="memory.h">
      <Filter>Header Files</Filter>
    </ClInclude>
    <ClInclude Include="metric.h">
      <Filter>Header Files</Filter>
    </ClInclude>
    <ClInclude Include="pci.h">
      <Filter>Header Files</Filter>
    </ClInclude>
    <ClInclude Include="performance.h">
      <Filter>Header Files</Filter>
    </ClInclude>
    <ClInclude Include="power.h">
      <Filter>Header Files</Filter>
    </ClInclude>
    <ClInclude Include="process.h">
      <Filter>Header Files</Filter>
    </ClInclude>
    <ClInclude Include="ras.h">
      <Filter>Header Files</Filter>
    </ClInclude>
    <ClInclude Include="scheduler.h">
      <Filter>Header Files</Filter>
    </ClInclude>
    <ClInclude Include="standby.h">
      <Filter>Header Files</Filter>
    </ClInclude>
    <ClInclude Include="sysman.h">
      <Filter>Header Files</Filter>
    </ClInclude>
    <ClInclude Include="temperature.h">
      <Filter>Header Files</Filter>
    </ClInclude>
    <ClInclude Include="vf.h">
      <Filter>Header Files</Filter>
    </ClInclude>
    <ClInclude Include="..\..\oal\win\os.h">
      <Filter>oal</Filter>
    </ClInclude>
    <ClInclude Include="..\fwupd\fwupd.h">
      <Filter>fwupd</Filter>
    </ClInclude>
    <ClInclude Include="..\fwupd\gscupd.h">
      <Filter>fwupd</Filter>
    </ClInclude>
    <ClInclude Include="..\fwupd\amcupd.h">
      <Filter>fwupd</Filter>
    </ClInclude>
    <ClInclude Include="..\fwupd\sysmanupd.h">
      <Filter>fwupd</Filter>
    </ClInclude>
  </ItemGroup>
  <ItemGroup>
    <Filter Include="oal">
      <UniqueIdentifier>{5c8b4190-3bbf-405c-82e3-04cb4eb23b0d}</UniqueIdentifier>
    </Filter>
    <Filter Include="Source Files">
      <UniqueIdentifier>{6ce8838c-eecb-4d6a-aaa9-09efcf006606}</UniqueIdentifier>
    </Filter>
    <Filter Include="Header Files">
      <UniqueIdentifier>{10b4bbd0-c60c-4f1a-bc1b-6b06302daf4c}</UniqueIdentifier>
    </Filter>
    <Filter Include="fwupd">
      <UniqueIdentifier>{4c71b570-9bca-4fcd-811f-ad0f342f5ae1}</UniqueIdentifier>
    </Filter>
  </ItemGroup>
</Project>